dependencies:
  farrow: 1.5.0
  farrow-cors: 1.5.0_2ade31fcdf29a45b3b150b0e3ee0d3bd
  farrow-http: 1.5.0_2eb4724c8394a676b5809aa489e7a2d9
  farrow-pipeline: 1.5.0
  farrow-schema: 1.4.0
lockfileVersion: 5.2
packages:
  /@babel/code-frame/7.12.11:
    dependencies:
      '@babel/highlight': 7.10.4
    dev: false
    resolution:
      integrity: sha1-9K1DWqJj25NbjxDyxVLSP7cWpj8=
      tarball: '@babel/code-frame/-/@babel/code-frame-7.12.11.tgz'
  /@babel/helper-validator-identifier/7.12.11:
    dev: false
    resolution:
      integrity: sha1-yaHwIZF9y1zPDU5FPjmQIpgfye0=
      tarball: '@babel/helper-validator-identifier/-/@babel/helper-validator-identifier-7.12.11.tgz'
  /@babel/highlight/7.10.4:
    dependencies:
      '@babel/helper-validator-identifier': 7.12.11
      chalk: 2.4.2
      js-tokens: 4.0.0
    dev: false
    resolution:
      integrity: sha1-fRvf1ldTU4+r5sOFls23bZrGAUM=
      tarball: '@babel/highlight/-/@babel/highlight-7.10.4.tgz'
  /@types/parse-json/4.0.0:
    dev: false
    resolution:
      integrity: sha1-L4u0QUNNFjs1+4/9zNcTiSf/uMA=
      tarball: '@types/parse-json/-/@types/parse-json-4.0.0.tgz'
  /accepts/1.3.7:
    dependencies:
      mime-types: 2.1.28
      negotiator: 0.6.2
    dev: false
    engines:
      node: '>= 0.6'
    resolution:
      integrity: sha1-UxvHJlF6OytB+FACHGzBXqq1B80=
  /ansi-regex/5.0.0:
    dev: false
    engines:
      node: '>=8'
    resolution:
      integrity: sha1-OIU59VF5vzkznIGvMKZU1p+Hy3U=
  /ansi-styles/3.2.1:
    dependencies:
      color-convert: 1.9.3
    dev: false
    engines:
      node: '>=4'
    resolution:
      integrity: sha1-QfuyAkPlCxK+DwS43tvwdSDOhB0=
  /ansi-styles/4.3.0:
    dependencies:
      color-convert: 2.0.1
    dev: false
    engines:
      node: '>=8'
    resolution:
      integrity: sha1-7dgDYornHATIWuegkG7a00tkiTc=
  /anymatch/3.1.1:
    dependencies:
      normalize-path: 3.0.0
      picomatch: 2.2.2
    dev: false
    engines:
      node: '>= 8'
    resolution:
      integrity: sha1-xV7PAhheJGklk5kxDBc84xIzsUI=
  /binary-extensions/2.2.0:
    dev: false
    engines:
      node: '>=8'
    resolution:
      integrity: sha1-dfUC7q+f/eQvyYgpZFvk6na9ni0=
  /braces/3.0.2:
    dependencies:
      fill-range: 7.0.1
    dev: false
    engines:
      node: '>=8'
    resolution:
      integrity: sha1-NFThpGLujVmeI23zNs2epPiv4Qc=
  /bytes/3.1.0:
    dev: false
    engines:
      node: '>= 0.8'
    resolution:
      integrity: sha1-9s95M6Ng4FiPqf3oVlHNx/gF0fY=
  /callsites/3.1.0:
    dev: false
    engines:
      node: '>=6'
    resolution:
      integrity: sha1-s2MKvYlDQy9Us/BRkjjjPNffL3M=
  /camelcase/5.3.1:
    dev: false
    engines:
      node: '>=6'
    resolution:
      integrity: sha1-48mzFWnhBoEd8kL3FXJaH0xJQyA=
  /chalk/2.4.2:
    dependencies:
      ansi-styles: 3.2.1
      escape-string-regexp: 1.0.5
      supports-color: 5.5.0
    dev: false
    engines:
      node: '>=4'
    resolution:
      integrity: sha1-zUJUFnelQzPPVBpJEIwUMrRMlCQ=
  /chalk/4.1.0:
    dependencies:
      ansi-styles: 4.3.0
      supports-color: 7.2.0
    dev: false
    engines:
      node: '>=10'
    resolution:
      integrity: sha1-ThSHCmGNni7dl92DRf2dncMVZGo=
  /chokidar/3.5.0:
    dependencies:
      anymatch: 3.1.1
      braces: 3.0.2
      glob-parent: 5.1.1
      is-binary-path: 2.1.0
      is-glob: 4.0.1
      normalize-path: 3.0.0
      readdirp: 3.5.0
    dev: false
    engines:
      node: '>= 8.10.0'
    optionalDependencies:
      fsevents: 2.3.1
    resolution:
      integrity: sha1-RYpIFqQV6dOzyqT67CuWppNanmU=
  /cliui/6.0.0:
    dependencies:
      string-width: 4.2.0
      strip-ansi: 6.0.0
      wrap-ansi: 6.2.0
    dev: false
    resolution:
      integrity: sha1-UR1wLAxOQcoVbX0OlgIfI+EyJbE=
  /co-body/6.1.0:
    dependencies:
      inflation: 2.0.0
      qs: 6.9.6
      raw-body: 2.4.1
      type-is: 1.6.18
    dev: false
    resolution:
      integrity: sha1-2HqO/DVk+b/jrO2O9c0Ex6h2ZUc=
  /color-convert/1.9.3:
    dependencies:
      color-name: 1.1.3
    dev: false
    resolution:
      integrity: sha1-u3GFBpDh8TZWfeYp0tVHHe2kweg=
  /color-convert/2.0.1:
    dependencies:
      color-name: 1.1.4
    dev: false
    engines:
      node: '>=7.0.0'
    resolution:
      integrity: sha1-ctOmjVmMm9s68q0ehPIdiWq9TeM=
  /color-name/1.1.3:
    dev: false
    resolution:
      integrity: sha1-p9BVi9icQveV3UIyj3QIMcpTvCU=
  /color-name/1.1.4:
    dev: false
    resolution:
      integrity: sha1-wqCah6y95pVD3m9j+jmVyCbFNqI=
  /content-disposition/0.5.3:
    dependencies:
      safe-buffer: 5.1.2
    dev: false
    engines:
      node: '>= 0.6'
    resolution:
      integrity: sha1-4TDK9+cnkIfFYWwgB9BIVpiYT70=
  /cookie/0.4.1:
    dev: false
    engines:
      node: '>= 0.6'
    resolution:
      integrity: sha1-r9cT/ibr0hupXOth+agRblClN9E=
  /cookies/0.8.0:
    dependencies:
      depd: 2.0.0
      keygrip: 1.1.0
    dev: false
    engines:
      node: '>= 0.8'
    resolution:
      integrity: sha1-EpPOSzkXQKhAbjyYcOgoxLVPP5A=
  /cors/2.8.5:
    dependencies:
      object-assign: 4.1.1
      vary: 1.1.2
    dev: false
    engines:
      node: '>= 0.10'
    resolution:
      integrity: sha1-6sEdpRWS3Ya58G9uesKTs9+HXSk=
  /cosmiconfig/7.0.0:
    dependencies:
      '@types/parse-json': 4.0.0
      import-fresh: 3.3.0
      parse-json: 5.1.0
      path-type: 4.0.0
      yaml: 1.10.0
    dev: false
    engines:
      node: '>=10'
    resolution:
      integrity: sha1-75tE13OVnK5j3ezRIt4jhTtg+NM=
  /cross-spawn/7.0.3:
    dependencies:
      path-key: 3.1.1
      shebang-command: 2.0.0
      which: 2.0.2
    dev: false
    engines:
      node: '>= 8'
    resolution:
      integrity: sha1-9zqFudXUHQRVUcF34ogtSshXKKY=
  /decamelize/1.2.0:
    dev: false
    engines:
      node: '>=0.10.0'
    resolution:
      integrity: sha1-9lNNFRSCabIDUue+4m9QH5oZEpA=
  /depd/1.1.2:
    dev: false
    engines:
      node: '>= 0.6'
    resolution:
      integrity: sha1-m81S4UwJd2PnSbJ0xDRu0uVgtak=
  /depd/2.0.0:
    dev: false
    engines:
      node: '>= 0.8'
    resolution:
      integrity: sha1-tpYWPMdXVg0JzyLMj60Vcbeedt8=
  /destroy/1.0.4:
    dev: false
    resolution:
      integrity: sha1-l4hXRCxEdJ5CBmE+N5RiBYJqvYA=
  /ee-first/1.1.1:
    dev: false
    resolution:
      integrity: sha1-WQxhFWsK4vTwJVcyoViyZrxWsh0=
      tarball: ee-first/download/ee-first-1.1.1.tgz
  /emoji-regex/8.0.0:
    dev: false
    resolution:
      integrity: sha1-6Bj9ac5cz8tARZT4QpY79TFkzDc=
  /encodeurl/1.0.2:
    dev: false
    engines:
      node: '>= 0.8'
    resolution:
      integrity: sha1-rT/0yG7C0CkyL1oCw6mmBslbP1k=
  /error-ex/1.3.2:
    dependencies:
      is-arrayish: 0.2.1
    dev: false
    resolution:
      integrity: sha1-tKxAZIEH/c3PriQvQovqihTU8b8=
  /esbuild/0.8.32:
    dev: false
    hasBin: true
    requiresBuild: true
    resolution:
      integrity: sha1-09Z56kF5JfevqrN1VeUgcN8xc1U=
  /escape-html/1.0.3:
    dev: false
    resolution:
      integrity: sha1-Aljq5NPQwJdN4cFpGI7wBR0dGYg=
  /escape-string-regexp/1.0.5:
    dev: false
    engines:
      node: '>=0.8.0'
    resolution:
      integrity: sha1-G2HAViGQqN/2rjuyzwIAyhMLhtQ=
  /execa/5.0.0:
    dependencies:
      cross-spawn: 7.0.3
      get-stream: 6.0.0
      human-signals: 2.1.0
      is-stream: 2.0.0
      merge-stream: 2.0.0
      npm-run-path: 4.0.1
      onetime: 5.1.2
      signal-exit: 3.0.3
      strip-final-newline: 2.0.0
    dev: false
    engines:
      node: '>=10'
    resolution:
      integrity: sha1-QCmwAHmYqEH70QMuX03oajweM3Y=
  /farrow-cors/1.5.0_2ade31fcdf29a45b3b150b0e3ee0d3bd:
    dependencies:
      cors: 2.8.5
      farrow-http: 1.5.0_2eb4724c8394a676b5809aa489e7a2d9
      farrow-pipeline: 1.5.0
      tslib: 2.1.0
    dev: false
    peerDependencies:
      farrow-http: ^1.0.0
      farrow-pipeline: ^1.0.0
    resolution:
      integrity: sha1-jNomK3J6LpziabBEOtndDuFaQTY=
  /farrow-http/1.5.0_2eb4724c8394a676b5809aa489e7a2d9:
    dependencies:
      accepts: 1.3.7
      bytes: 3.1.0
      chalk: 4.1.0
      co-body: 6.1.0
      content-disposition: 0.5.3
      cookie: 0.4.1
      cookies: 0.8.0
      destroy: 1.0.4
      encodeurl: 1.0.2
      escape-html: 1.0.3
      farrow-pipeline: 1.5.0
      farrow-schema: 1.4.0
      mime-types: 2.1.28
      on-finished: 2.3.0
      path-to-regexp: 6.2.0
      qs: 6.9.6
      statuses: 2.0.1
      tslib: 2.1.0
      type-is: 1.6.18
      vary: 1.1.2
    dev: false
    peerDependencies:
      farrow-pipeline: ^1.0.0
      farrow-schema: ^1.0.0
    resolution:
      integrity: sha1-3rUSeT5mj5G4xyMSxWUDTRmbEgk=
  /farrow-pipeline/1.5.0:
    dependencies:
      tslib: 2.1.0
    dev: false
    resolution:
      integrity: sha1-C3MLQuG5FPh2fV4hr5F5HaBROXY=
  /farrow-schema/1.4.0:
    dependencies:
      tslib: 2.1.0
    dev: false
    resolution:
      integrity: sha1-ryxRdHI9uuAe/yXxL0gc9Kw51iU=
  /farrow/1.5.0:
    dependencies:
      chokidar: 3.5.0
      cosmiconfig: 7.0.0
      cross-spawn: 7.0.3
      esbuild: 0.8.32
      execa: 5.0.0
      slash: 3.0.0
      tslib: 2.1.0
      yargs: 15.4.1
    dev: false
    hasBin: true
    resolution:
      integrity: sha1-82+yDrZEtM5CKWKfGULjrfzMrrk=
  /fill-range/7.0.1:
    dependencies:
      to-regex-range: 5.0.1
    dev: false
    engines:
      node: '>=8'
    resolution:
      integrity: sha1-GRmmp8df44ssfHflGYU12prN2kA=
  /find-up/4.1.0:
    dependencies:
      locate-path: 5.0.0
      path-exists: 4.0.0
    dev: false
    engines:
      node: '>=8'
    resolution:
      integrity: sha1-l6/n1s3AvFkoWEt8jXsW6KmqXRk=
  /fsevents/2.3.1:
    dev: false
    engines:
      node: ^8.16.0 || ^10.6.0 || >=11.0.0
    optional: true
    resolution:
      integrity: sha1-sgmrFMYQEmNsiGNQft9/tozFTp8=
  /get-caller-file/2.0.5:
    dev: false
    engines:
      node: 6.* || 8.* || >= 10.*
    resolution:
      integrity: sha1-T5RBKoLbMvNuOwuXQfipf+sDH34=
  /get-stream/6.0.0:
    dev: false
    engines:
      node: '>=10'
    resolution:
      integrity: sha1-PgASy2gnMZ2icG5gGhWD6GKaZxg=
  /glob-parent/5.1.1:
    dependencies:
      is-glob: 4.0.1
    dev: false
    engines:
      node: '>= 6'
    resolution:
      integrity: sha1-tsHvQXxOVmPqSY8cRa+saRa7wik=
  /has-flag/3.0.0:
    dev: false
    engines:
      node: '>=4'
    resolution:
      integrity: sha1-tdRU3CGZriJWmfNGfloH87lVuv0=
  /has-flag/4.0.0:
    dev: false
    engines:
      node: '>=8'
    resolution:
      integrity: sha1-lEdx/ZyByBJlxNaUGGDaBrtZR5s=
  /http-errors/1.7.3:
    dependencies:
      depd: 1.1.2
      inherits: 2.0.4
      setprototypeof: 1.1.1
      statuses: 1.5.0
      toidentifier: 1.0.0
    dev: false
    engines:
      node: '>= 0.6'
    resolution:
      integrity: sha1-bGGeT5xgMIw4UZSYwU+7EKrOuwY=
  /human-signals/2.1.0:
    dev: false
    engines:
      node: '>=10.17.0'
    resolution:
      integrity: sha1-3JH8ukLk0G5Kuu0zs+ejwC9RTqA=
  /iconv-lite/0.4.24:
    dependencies:
      safer-buffer: 2.1.2
    dev: false
    engines:
      node: '>=0.10.0'
    resolution:
      integrity: sha1-ICK0sl+93CHS9SSXSkdKr+czkIs=
  /import-fresh/3.3.0:
    dependencies:
      parent-module: 1.0.1
      resolve-from: 4.0.0
    dev: false
    engines:
      node: '>=6'
    resolution:
      integrity: sha1-NxYsJfy566oublPVtNiM4X2eDCs=
  /inflation/2.0.0:
    dev: false
    engines:
      node: '>= 0.8.0'
    resolution:
      integrity: sha1-i0F+R8KPklpFEz2RTKH9OJEH8w8=
  /inherits/2.0.4:
    dev: false
    resolution:
      integrity: sha1-D6LGT5MpF8NDOg3tVTY6rjdBa3w=
  /is-arrayish/0.2.1:
    dev: false
    resolution:
      integrity: sha1-d8mYQFJ6qOyxqLppe4BkWnqSap0=
  /is-binary-path/2.1.0:
    dependencies:
      binary-extensions: 2.2.0
    dev: false
    engines:
      node: '>=8'
    resolution:
      integrity: sha1-6h9/O4DwZCNug0cPhsCcJU+0Wwk=
  /is-extglob/2.1.1:
    dev: false
    engines:
      node: '>=0.10.0'
    resolution:
      integrity: sha1-qIwCU1eR8C7TfHahueqXc8gz+MI=
  /is-fullwidth-code-point/3.0.0:
    dev: false
    engines:
      node: '>=8'
    resolution:
      integrity: sha1-8Rb4Bk/pCz94RKOJl8C3UFEmnx0=
  /is-glob/4.0.1:
    dependencies:
      is-extglob: 2.1.1
    dev: false
    engines:
      node: '>=0.10.0'
    resolution:
      integrity: sha1-dWfb6fL14kZ7x3q4PEopSCQHpdw=
  /is-number/7.0.0:
    dev: false
    engines:
      node: '>=0.12.0'
    resolution:
      integrity: sha1-dTU0W4lnNNX4DE0GxQlVUnoU8Ss=
  /is-stream/2.0.0:
    dev: false
    engines:
      node: '>=8'
    resolution:
      integrity: sha1-venDJoDW+uBBKdasnZIc54FfeOM=
  /isexe/2.0.0:
    dev: false
    resolution:
      integrity: sha1-6PvzdNxVb/iUehDcsFctYz8s+hA=
  /js-tokens/4.0.0:
    dev: false
    resolution:
      integrity: sha1-GSA/tZmR35jjoocFDUZHzerzJJk=
  /json-parse-even-better-errors/2.3.1:
    dev: false
    resolution:
      integrity: sha1-fEeAWpQxmSjgV3dAXcEuH3pO4C0=
  /keygrip/1.1.0:
    dependencies:
      tsscmp: 1.0.6
    dev: false
    engines:
      node: '>= 0.6'
    resolution:
      integrity: sha1-hxsWgdXhWcYqRFsMdLYV4JF+ciY=
  /lines-and-columns/1.1.6:
    dev: false
    resolution:
      integrity: sha1-HADHQ7QzzQpOgHWPe2SldEDZ/wA=
  /locate-path/5.0.0:
    dependencies:
      p-locate: 4.1.0
    dev: false
    engines:
      node: '>=8'
    resolution:
      integrity: sha1-Gvujlq/WdqbUJQTQpno6frn2KqA=
  /media-typer/0.3.0:
    dev: false
    engines:
      node: '>= 0.6'
    resolution:
      integrity: sha1-hxDXrwqmJvj/+hzgAWhUUmMlV0g=
      tarball: media-typer/download/media-typer-0.3.0.tgz
  /merge-stream/2.0.0:
    dev: false
    resolution:
      integrity: sha1-UoI2KaFN0AyXcPtq1H3GMQ8sH2A=
  /mime-db/1.45.0:
    dev: false
    engines:
      node: '>= 0.6'
    resolution:
      integrity: sha1-zO7aIczXw6dF66LezVXUtz54eeo=
      tarball: mime-db/download/mime-db-1.45.0.tgz
  /mime-types/2.1.28:
    dependencies:
      mime-db: 1.45.0
    dev: false
    engines:
      node: '>= 0.6'
    resolution:
      integrity: sha1-EWDEdX6rLFNjiI4AUnPs950qDs0=
  /mimic-fn/2.1.0:
    dev: false
    engines:
      node: '>=6'
    resolution:
      integrity: sha1-ftLCzMyvhNP/y3pptXcR/CCDQBs=
  /negotiator/0.6.2:
    dev: false
    engines:
      node: '>= 0.6'
    resolution:
      integrity: sha1-/qz3zPUlp3rpY0Q2pkiD/+yjRvs=
      tarball: negotiator/download/negotiator-0.6.2.tgz
  /normalize-path/3.0.0:
    dev: false
    engines:
      node: '>=0.10.0'
    resolution:
      integrity: sha1-Dc1p/yOhybEf0JeDFmRKA4ghamU=
  /npm-run-path/4.0.1:
    dependencies:
      path-key: 3.1.1
    dev: false
    engines:
      node: '>=8'
    resolution:
      integrity: sha1-t+zR5e1T2o43pV4cImnguX7XSOo=
  /object-assign/4.1.1:
    dev: false
    engines:
      node: '>=0.10.0'
    resolution:
      integrity: sha1-IQmtx5ZYh8/AXLvUQsrIv7s2CGM=
  /on-finished/2.3.0:
    dependencies:
      ee-first: 1.1.1
    dev: false
    engines:
      node: '>= 0.8'
    resolution:
      integrity: sha1-IPEzZIGwg811M3mSoWlxqi2QaUc=
  /onetime/5.1.2:
    dependencies:
      mimic-fn: 2.1.0
    dev: false
    engines:
      node: '>=6'
    resolution:
      integrity: sha1-0Oluu1awdHbfHdnEgG5SN5hcpF4=
  /p-limit/2.3.0:
    dependencies:
      p-try: 2.2.0
    dev: false
    engines:
      node: '>=6'
    resolution:
      integrity: sha1-PdM8ZHohT9//2DWTPrCG2g3CHbE=
  /p-locate/4.1.0:
    dependencies:
      p-limit: 2.3.0
    dev: false
    engines:
      node: '>=8'
    resolution:
      integrity: sha1-o0KLtwiLOmApL2aRkni3wpetTwc=
  /p-try/2.2.0:
    dev: false
    engines:
      node: '>=6'
    resolution:
      integrity: sha1-yyhoVA4xPWHeWPr741zpAE1VQOY=
  /parent-module/1.0.1:
    dependencies:
      callsites: 3.1.0
    dev: false
    engines:
      node: '>=6'
    resolution:
      integrity: sha1-aR0nCeeMefrjoVZiJFLQB2LKqqI=
  /parse-json/5.1.0:
    dependencies:
      '@babel/code-frame': 7.12.11
      error-ex: 1.3.2
      json-parse-even-better-errors: 2.3.1
      lines-and-columns: 1.1.6
    dev: false
    engines:
      node: '>=8'
    resolution:
      integrity: sha1-+WCIzfJKj6qa6poAny2dlCyZlkY=
  /path-exists/4.0.0:
    dev: false
    engines:
      node: '>=8'
    resolution:
      integrity: sha1-UTvb4tO5XXdi6METfvoZXGxhtbM=
  /path-key/3.1.1:
    dev: false
    engines:
      node: '>=8'
    resolution:
      integrity: sha1-WB9q3mWMu6ZaDTOA3ndTKVBU83U=
  /path-to-regexp/6.2.0:
    dev: false
    resolution:
      integrity: sha1-97OAMzYQTDRoia3s5hRmkjBkXzg=
  /path-type/4.0.0:
    dev: false
    engines:
      node: '>=8'
    resolution:
      integrity: sha1-hO0BwKe6OAr+CdkKjBgNzZ0DBDs=
  /picomatch/2.2.2:
    dev: false
    engines:
      node: '>=8.6'
    resolution:
      integrity: sha1-IfMz6ba46v8CRo9RRupAbTRfTa0=
  /qs/6.9.6:
    dev: false
    engines:
      node: '>=0.6'
    resolution:
      integrity: sha1-Ju08gkOkMbKSSsqEzJBHHzXVoO4=
  /raw-body/2.4.1:
    dependencies:
      bytes: 3.1.0
      http-errors: 1.7.3
      iconv-lite: 0.4.24
      unpipe: 1.0.0
    dev: false
    engines:
      node: '>= 0.8'
    resolution:
      integrity: sha1-MKyC+Yu1rowVLmcUnayNVRU7Fow=
  /readdirp/3.5.0:
    dependencies:
      picomatch: 2.2.2
    dev: false
    engines:
      node: '>=8.10.0'
    resolution:
      integrity: sha1-m6dMAZsV02UnjS6Ru4xI17TULJ4=
  /require-directory/2.1.1:
    dev: false
    engines:
      node: '>=0.10.0'
    resolution:
      integrity: sha1-jGStX9MNqxyXbiNE/+f3kqam30I=
  /require-main-filename/2.0.0:
    dev: false
    resolution:
      integrity: sha1-0LMp7MfMD2Fkn2IhW+aa9UqomJs=
  /resolve-from/4.0.0:
    dev: false
    engines:
      node: '>=4'
    resolution:
      integrity: sha1-SrzYUq0y3Xuqv+m0DgCjbbXzkuY=
  /safe-buffer/5.1.2:
    dev: false
    resolution:
      integrity: sha1-mR7GnSluAxN0fVm9/St0XDX4go0=
  /safer-buffer/2.1.2:
    dev: false
    resolution:
      integrity: sha1-RPoWGwGHuVSd2Eu5GAL5vYOFzWo=
  /set-blocking/2.0.0:
    dev: false
    resolution:
      integrity: sha1-BF+XgtARrppoA93TgrJDkrPYkPc=
  /setprototypeof/1.1.1:
    dev: false
    resolution:
      integrity: sha1-fpWsskqpL1iF4KvvW6ExMw1K5oM=
      tarball: setprototypeof/download/setprototypeof-1.1.1.tgz
  /shebang-command/2.0.0:
    dependencies:
      shebang-regex: 3.0.0
    dev: false
    engines:
      node: '>=8'
    resolution:
      integrity: sha1-zNCvT4g1+9wmW4JGGq8MNmY/NOo=
  /shebang-regex/3.0.0:
    dev: false
    engines:
      node: '>=8'
    resolution:
      integrity: sha1-rhbxZE2HPsrYQ7AwexQzYtTEIXI=
  /signal-exit/3.0.3:
    dev: false
    resolution:
      integrity: sha1-oUEMLt2PB3sItOJTyOrPyvBXRhw=
  /slash/3.0.0:
    dev: false
    engines:
      node: '>=8'
    resolution:
      integrity: sha1-ZTm+hwwWWtvVJAIg2+Nh8bxNRjQ=
  /statuses/1.5.0:
    dev: false
    engines:
      node: '>= 0.6'
    resolution:
      integrity: sha1-Fhx9rBd2Wf2YEfQ3cfqZOBR4Yow=
  /statuses/2.0.1:
    dev: false
    engines:
      node: '>= 0.8'
    resolution:
      integrity: sha1-VcsADM8dSHKL0jxoWgY5mM8aG2M=
  /string-width/4.2.0:
    dependencies:
      emoji-regex: 8.0.0
      is-fullwidth-code-point: 3.0.0
      strip-ansi: 6.0.0
    dev: false
    engines:
      node: '>=8'
    resolution:
      integrity: sha1-lSGCxGzHssMT0VluYjmSvRY7crU=
  /strip-ansi/6.0.0:
    dependencies:
      ansi-regex: 5.0.0
    dev: false
    engines:
      node: '>=8'
    resolution:
      integrity: sha1-CxVx3XZpzNTz4G4U7x7tJiJa5TI=
  /strip-final-newline/2.0.0:
    dev: false
    engines:
      node: '>=6'
    resolution:
      integrity: sha1-ibhS+y/L6Tb29LMYevsKEsGrWK0=
  /supports-color/5.5.0:
    dependencies:
      has-flag: 3.0.0
    dev: false
    engines:
      node: '>=4'
    resolution:
      integrity: sha1-4uaaRKyHcveKHsCzW2id9lMO/I8=
  /supports-color/7.2.0:
    dependencies:
      has-flag: 4.0.0
    dev: false
    engines:
      node: '>=8'
    resolution:
      integrity: sha1-G33NyzK4E4gBs+R4umpRyqiWSNo=
  /to-regex-range/5.0.1:
    dependencies:
      is-number: 7.0.0
    dev: false
    engines:
      node: '>=8.0'
    resolution:
      integrity: sha1-FkjESq58jZiKMmAY7XL1tN0DkuQ=
  /toidentifier/1.0.0:
    dev: false
    engines:
      node: '>=0.6'
    resolution:
      integrity: sha1-fhvjRw8ed5SLxD2Uo8j013UrpVM=
      tarball: toidentifier/download/toidentifier-1.0.0.tgz
  /tslib/2.1.0:
    dev: false
    resolution:
      integrity: sha1-2mCGDxwuyqVwOrfTm8Bba/mIuXo=
  /tsscmp/1.0.6:
    dev: false
    engines:
      node: '>=0.6.x'
    resolution:
      integrity: sha1-hbmVg6w1iexL/vgltQAKqRHWBes=
      tarball: tsscmp/download/tsscmp-1.0.6.tgz
  /type-is/1.6.18:
    dependencies:
      media-typer: 0.3.0
      mime-types: 2.1.28
    dev: false
    engines:
      node: '>= 0.6'
    resolution:
      integrity: sha1-TlUs0F3wlGfcvE73Od6J8s83wTE=
  /unpipe/1.0.0:
    dev: false
    engines:
      node: '>= 0.8'
    resolution:
      integrity: sha1-sr9O6FFKrmFltIF4KdIbLvSZBOw=
  /vary/1.1.2:
    dev: false
    engines:
      node: '>= 0.8'
    resolution:
      integrity: sha1-IpnwLG3tMNSllhsLn3RSShj2NPw=
  /which-module/2.0.0:
    dev: false
    resolution:
      integrity: sha1-2e8H3Od7mQK4o6j6SzHD4/fm6Ho=
  /which/2.0.2:
    dependencies:
      isexe: 2.0.0
    dev: false
    engines:
      node: '>= 8'
    hasBin: true
    resolution:
      integrity: sha1-fGqN0KY2oDJ+ELWckobu6T8/UbE=
  /wrap-ansi/6.2.0:
    dependencies:
      ansi-styles: 4.3.0
      string-width: 4.2.0
      strip-ansi: 6.0.0
    dev: false
    engines:
      node: '>=8'
    resolution:
      integrity: sha1-6Tk7oHEC5skaOyIUePAlfNKFblM=
  /y18n/4.0.1:
    dev: false
    resolution:
      integrity: sha1-jbK4PDHF11CZu4kLI/MJSJHiR9Q=
  /yaml/1.10.0:
    dev: false
    engines:
      node: '>= 6'
    resolution:
      integrity: sha1-O1k63ZRIdgd9TWg/7gEIG9n/8x4=
  /yargs-parser/18.1.3:
    dependencies:
      camelcase: 5.3.1
      decamelize: 1.2.0
    dev: false
    engines:
      node: '>=6'
    resolution:
      integrity: sha1-vmjEl1xrKr9GkjawyHA2L6sJp7A=
  /yargs/15.4.1:
    dependencies:
      cliui: 6.0.0
      decamelize: 1.2.0
      find-up: 4.1.0
      get-caller-file: 2.0.5
      require-directory: 2.1.1
      require-main-filename: 2.0.0
      set-blocking: 2.0.0
      string-width: 4.2.0
      which-module: 2.0.0
      y18n: 4.0.1
      yargs-parser: 18.1.3
    dev: false
    engines:
      node: '>=8'
    resolution:
      integrity: sha1-DYehbeAa7p2L7Cv7909nhRcw9Pg=
specifiers:
  farrow: ^1.4.1
  farrow-cors: ^1.4.0
  farrow-http: ^1.4.0
  farrow-pipeline: ^1.4.0
  farrow-schema: ^1.4.0
